
Microsoft Visual Studio Solution File, Format Version 12.00
# Visual Studio Version 17
VisualStudioVersion = 17.4.33110.190
MinimumVisualStudioVersion = 10.0.40219.1
Project("{9A19103F-16F7-4668-BE54-9A1E7A4F7556}") = "InsureCo", "InsureCo\InsureCo.csproj", "{CD9234F3-EE22-4402-BD66-BC6F5A1FAD8F}"
EndProject
Project("{FAE04EC0-301F-11D3-BF4B-00C04F79EFBC}") = "InsureCoTests", "InsureCoTests\InsureCoTests.csproj", "{7DFB3B1F-C71B-49B3-8006-F2A330E4C996}"
EndProject
Global
	GlobalSection(SolutionConfigurationPlatforms) = preSolution
		Debug|Any CPU = Debug|Any CPU
		Release|Any CPU = Release|Any CPU
	EndGlobalSection
	GlobalSection(ProjectConfigurationPlatforms) = postSolution
		{CD9234F3-EE22-4402-BD66-BC6F5A1FAD8F}.Debug|Any CPU.ActiveCfg = Debug|Any CPU
		{CD9234F3-EE22-4402-BD66-BC6F5A1FAD8F}.Debug|Any CPU.Build.0 = Debug|Any CPU
		{CD9234F3-EE22-4402-BD66-BC6F5A1FAD8F}.Release|Any CPU.ActiveCfg = Release|Any CPU
		{CD9234F3-EE22-4402-BD66-BC6F5A1FAD8F}.Release|Any CPU.Build.0 = Release|Any CPU
		{7DFB3B1F-C71B-49B3-8006-F2A330E4C996}.Debug|Any CPU.ActiveCfg = Debug|Any CPU
		{7DFB3B1F-C71B-49B3-8006-F2A330E4C996}.Debug|Any CPU.Build.0 = Debug|Any CPU
		{7DFB3B1F-C71B-49B3-8006-F2A330E4C996}.Release|Any CPU.ActiveCfg = Release|Any CPU
		{7DFB3B1F-C71B-49B3-8006-F2A330E4C996}.Release|Any CPU.Build.0 = Release|Any CPU
	EndGlobalSection
	GlobalSection(SolutionProperties) = preSolution
		HideSolutionNode = FALSE
	EndGlobalSection
	GlobalSection(ExtensibilityGlobals) = postSolution
		SolutionGuid = {C6D33BFD-A220-4D92-8D9B-B48A0820CF18}
	EndGlobalSection
EndGlobal
